
Microsoft Visual Studio Solution File, Format Version 12.00
# Visual Studio Version 17
VisualStudioVersion = 17.8.34525.116
MinimumVisualStudioVersion = 10.0.40219.1
Project("{FAE04EC0-301F-11D3-BF4B-00C04F79EFBC}") = "myParams", "myParams.csproj", "{0202EA0C-D469-4CCE-963F-464CA43E18ED}"
EndProject
Global
	GlobalSection(SolutionConfigurationPlatforms) = preSolution
		Debug|Any CPU = Debug|Any CPU
		Release|Any CPU = Release|Any CPU
	EndGlobalSection
	GlobalSection(ProjectConfigurationPlatforms) = postSolution
		{0202EA0C-D469-4CCE-963F-464CA43E18ED}.Debug|Any CPU.ActiveCfg = Debug|Any CPU
		{0202EA0C-D469-4CCE-963F-464CA43E18ED}.Debug|Any CPU.Build.0 = Debug|Any CPU
		{0202EA0C-D469-4CCE-963F-464CA43E18ED}.Release|Any CPU.ActiveCfg = Release|Any CPU
		{0202EA0C-D469-4CCE-963F-464CA43E18ED}.Release|Any CPU.Build.0 = Release|Any CPU
	EndGlobalSection
	GlobalSection(SolutionProperties) = preSolution
		HideSolutionNode = FALSE
	EndGlobalSection
	GlobalSection(ExtensibilityGlobals) = postSolution
		SolutionGuid = {3C5157F3-A1C9-4AAB-8E0E-418ED7AD1130}
	EndGlobalSection
EndGlobal
